
Microsoft Visual Studio Solution File, Format Version 12.00
# Visual Studio 15
VisualStudioVersion = 15.0.26730.12
MinimumVisualStudioVersion = 10.0.40219.1
Project("{8BC9CEB8-8B4A-11D0-8D11-00A0C91BC942}") = "TestRubik", "TestRubik\TestRubik.vcxproj", "{8EA920E0-E242-40AB-9989-23D0ED80BC93}"
EndProject
Project("{8BC9CEB8-8B4A-11D0-8D11-00A0C91BC942}") = "D3DApp", "D3DApp\D3DApp.vcxproj", "{1649680A-C87D-4675-A127-56C3551A3D72}"
EndProject
Global
	GlobalSection(SolutionConfigurationPlatforms) = preSolution
		Debug|x64 = Debug|x64
		Debug|x86 = Debug|x86
		Release|x64 = Release|x64
		Release|x86 = Release|x86
	EndGlobalSection
	GlobalSection(ProjectConfigurationPlatforms) = postSolution
		{8EA920E0-E242-40AB-9989-23D0ED80BC93}.Debug|x64.ActiveCfg = Debug|x64
		{8EA920E0-E242-40AB-9989-23D0ED80BC93}.Debug|x64.Build.0 = Debug|x64
		{8EA920E0-E242-40AB-9989-23D0ED80BC93}.Debug|x86.ActiveCfg = Debug|Win32
		{8EA920E0-E242-40AB-9989-23D0ED80BC93}.Debug|x86.Build.0 = Debug|Win32
		{8EA920E0-E242-40AB-9989-23D0ED80BC93}.Release|x64.ActiveCfg = Release|x64
		{8EA920E0-E242-40AB-9989-23D0ED80BC93}.Release|x64.Build.0 = Release|x64
		{8EA920E0-E242-40AB-9989-23D0ED80BC93}.Release|x86.ActiveCfg = Release|Win32
		{8EA920E0-E242-40AB-9989-23D0ED80BC93}.Release|x86.Build.0 = Release|Win32
		{1649680A-C87D-4675-A127-56C3551A3D72}.Debug|x64.ActiveCfg = Debug|x64
		{1649680A-C87D-4675-A127-56C3551A3D72}.Debug|x64.Build.0 = Debug|x64
		{1649680A-C87D-4675-A127-56C3551A3D72}.Debug|x86.ActiveCfg = Debug|Win32
		{1649680A-C87D-4675-A127-56C3551A3D72}.Debug|x86.Build.0 = Debug|Win32
		{1649680A-C87D-4675-A127-56C3551A3D72}.Release|x64.ActiveCfg = Release|x64
		{1649680A-C87D-4675-A127-56C3551A3D72}.Release|x64.Build.0 = Release|x64
		{1649680A-C87D-4675-A127-56C3551A3D72}.Release|x86.ActiveCfg = Release|Win32
		{1649680A-C87D-4675-A127-56C3551A3D72}.Release|x86.Build.0 = Release|Win32
	EndGlobalSection
	GlobalSection(SolutionProperties) = preSolution
		HideSolutionNode = FALSE
	EndGlobalSection
	GlobalSection(ExtensibilityGlobals) = postSolution
		SolutionGuid = {974F0C80-46EE-409A-9FE2-AC7F35369678}
	EndGlobalSection
EndGlobal
